
Microsoft Visual Studio Solution File, Format Version 12.00
# Visual Studio Version 16
VisualStudioVersion = 16.0.32106.194
MinimumVisualStudioVersion = 10.0.40219.1
Project("{FAE04EC0-301F-11D3-BF4B-00C04F79EFBC}") = "Task8", "Task8.csproj", "{892D764C-4AD7-496F-B1BE-6F137CB8E910}"
EndProject
Global
	GlobalSection(SolutionConfigurationPlatforms) = preSolution
		Debug|Any CPU = Debug|Any CPU
		Release|Any CPU = Release|Any CPU
	EndGlobalSection
	GlobalSection(ProjectConfigurationPlatforms) = postSolution
		{892D764C-4AD7-496F-B1BE-6F137CB8E910}.Debug|Any CPU.ActiveCfg = Debug|Any CPU
		{892D764C-4AD7-496F-B1BE-6F137CB8E910}.Debug|Any CPU.Build.0 = Debug|Any CPU
		{892D764C-4AD7-496F-B1BE-6F137CB8E910}.Release|Any CPU.ActiveCfg = Release|Any CPU
		{892D764C-4AD7-496F-B1BE-6F137CB8E910}.Release|Any CPU.Build.0 = Release|Any CPU
	EndGlobalSection
	GlobalSection(SolutionProperties) = preSolution
		HideSolutionNode = FALSE
	EndGlobalSection
	GlobalSection(ExtensibilityGlobals) = postSolution
		SolutionGuid = {4A2F3436-AE77-4A55-AC5D-DE49C56D2B69}
	EndGlobalSection
EndGlobal
